
Microsoft Visual Studio Solution File, Format Version 11.00
# Visual Studio 2010
Project("{FAE04EC0-301F-11D3-BF4B-00C04F79EFBC}") = "jRunner", "jRunner\jRunner.csproj", "{80FDCB16-7C30-4976-BC3B-829F3917B710}"
EndProject
Project("{FAE04EC0-301F-11D3-BF4B-00C04F79EFBC}") = "jCom", "..\..\..\..\Dropbox\Code\CIMONTest B\jCom\jCom.csproj", "{A02970D2-3331-415C-B20C-63F591C9598E}"
EndProject
Project("{FAE04EC0-301F-11D3-BF4B-00C04F79EFBC}") = "jLogger", "jLogger\jLogger.csproj", "{6B95152F-E723-49F3-A6D0-AB04B98469E6}"
EndProject
Global
	GlobalSection(SolutionConfigurationPlatforms) = preSolution
		Debug|Any CPU = Debug|Any CPU
		Debug|Mixed Platforms = Debug|Mixed Platforms
		Debug|x86 = Debug|x86
		Release|Any CPU = Release|Any CPU
		Release|Mixed Platforms = Release|Mixed Platforms
		Release|x86 = Release|x86
	EndGlobalSection
	GlobalSection(ProjectConfigurationPlatforms) = postSolution
		{80FDCB16-7C30-4976-BC3B-829F3917B710}.Debug|Any CPU.ActiveCfg = Debug|x86
		{80FDCB16-7C30-4976-BC3B-829F3917B710}.Debug|Mixed Platforms.ActiveCfg = Debug|x86
		{80FDCB16-7C30-4976-BC3B-829F3917B710}.Debug|Mixed Platforms.Build.0 = Debug|x86
		{80FDCB16-7C30-4976-BC3B-829F3917B710}.Debug|x86.ActiveCfg = Debug|x86
		{80FDCB16-7C30-4976-BC3B-829F3917B710}.Debug|x86.Build.0 = Debug|x86
		{80FDCB16-7C30-4976-BC3B-829F3917B710}.Release|Any CPU.ActiveCfg = Release|x86
		{80FDCB16-7C30-4976-BC3B-829F3917B710}.Release|Mixed Platforms.ActiveCfg = Release|x86
		{80FDCB16-7C30-4976-BC3B-829F3917B710}.Release|Mixed Platforms.Build.0 = Release|x86
		{80FDCB16-7C30-4976-BC3B-829F3917B710}.Release|x86.ActiveCfg = Release|x86
		{80FDCB16-7C30-4976-BC3B-829F3917B710}.Release|x86.Build.0 = Release|x86
		{A02970D2-3331-415C-B20C-63F591C9598E}.Debug|Any CPU.ActiveCfg = Debug|Any CPU
		{A02970D2-3331-415C-B20C-63F591C9598E}.Debug|Any CPU.Build.0 = Debug|Any CPU
		{A02970D2-3331-415C-B20C-63F591C9598E}.Debug|Mixed Platforms.ActiveCfg = Debug|Any CPU
		{A02970D2-3331-415C-B20C-63F591C9598E}.Debug|Mixed Platforms.Build.0 = Debug|Any CPU
		{A02970D2-3331-415C-B20C-63F591C9598E}.Debug|x86.ActiveCfg = Debug|Any CPU
		{A02970D2-3331-415C-B20C-63F591C9598E}.Release|Any CPU.ActiveCfg = Release|Any CPU
		{A02970D2-3331-415C-B20C-63F591C9598E}.Release|Any CPU.Build.0 = Release|Any CPU
		{A02970D2-3331-415C-B20C-63F591C9598E}.Release|Mixed Platforms.ActiveCfg = Release|Any CPU
		{A02970D2-3331-415C-B20C-63F591C9598E}.Release|Mixed Platforms.Build.0 = Release|Any CPU
		{A02970D2-3331-415C-B20C-63F591C9598E}.Release|x86.ActiveCfg = Release|Any CPU
		{6B95152F-E723-49F3-A6D0-AB04B98469E6}.Debug|Any CPU.ActiveCfg = Debug|Any CPU
		{6B95152F-E723-49F3-A6D0-AB04B98469E6}.Debug|Any CPU.Build.0 = Debug|Any CPU
		{6B95152F-E723-49F3-A6D0-AB04B98469E6}.Debug|Mixed Platforms.ActiveCfg = Debug|Any CPU
		{6B95152F-E723-49F3-A6D0-AB04B98469E6}.Debug|Mixed Platforms.Build.0 = Debug|Any CPU
		{6B95152F-E723-49F3-A6D0-AB04B98469E6}.Debug|x86.ActiveCfg = Debug|Any CPU
		{6B95152F-E723-49F3-A6D0-AB04B98469E6}.Release|Any CPU.ActiveCfg = Release|Any CPU
		{6B95152F-E723-49F3-A6D0-AB04B98469E6}.Release|Any CPU.Build.0 = Release|Any CPU
		{6B95152F-E723-49F3-A6D0-AB04B98469E6}.Release|Mixed Platforms.ActiveCfg = Release|Any CPU
		{6B95152F-E723-49F3-A6D0-AB04B98469E6}.Release|Mixed Platforms.Build.0 = Release|Any CPU
		{6B95152F-E723-49F3-A6D0-AB04B98469E6}.Release|x86.ActiveCfg = Release|Any CPU
	EndGlobalSection
	GlobalSection(SolutionProperties) = preSolution
		HideSolutionNode = FALSE
	EndGlobalSection
EndGlobal
